{
    "name": "bootstrap-ui",
    "version": "1.2.1",
    "lockfileVersion": 1,
    "requires": true,
    "dependencies": {
        "bootstrap": {
            "version": "4.0.0-beta.3",
            "resolved": "https://registry.npmjs.org/bootstrap/-/bootstrap-4.0.0-beta.3.tgz",
            "integrity": "sha512-/Qe1Q2d1muLEZRX2iCteMQHZBBAm6ZIjJ9FcBYK/xLr05+HvDtBOVBN+Cz7mCNZuy0zr+y5artZHM05W7mIz6g=="
        },
        "jquery": {
            "version": "3.2.1",
            "resolved": "https://registry.npmjs.org/jquery/-/jquery-3.2.1.tgz",
            "integrity": "sha1-XE2d5lKvbNCncBVKYxu6ErAVx4c="
        },
        "popper.js": {
            "version": "1.12.9",
            "resolved": "https://registry.npmjs.org/popper.js/-/popper.js-1.12.9.tgz",
            "integrity": "sha1-DfvC3/lsRRuzMu3Pz6r1ZtMx1bM="
        }
    }
}
